
Microsoft Visual Studio Solution File, Format Version 12.00
# Visual Studio Version 16
VisualStudioVersion = 16.0.31424.327
MinimumVisualStudioVersion = 10.0.40219.1
Project("{8BC9CEB8-8B4A-11D0-8D11-00A0C91BC942}") = "PatternSpectrumConsole", "PatternSpectrumConsole\PatternSpectrumConsole.vcxproj", "{2C906F72-313C-4706-B889-F17CBECCB7DA}"
EndProject
Project("{8BC9CEB8-8B4A-11D0-8D11-00A0C91BC942}") = "GeneralizedSpectrumConsole", "GeneralizedSpectrumConsole\GeneralizedSpectrumConsole.vcxproj", "{36E2D928-25B9-452F-BD1C-829D50CEE4CE}"
EndProject
Project("{8BC9CEB8-8B4A-11D0-8D11-00A0C91BC942}") = "PatternSpectrumGUI", "PatternSpectrumGUI\PatternSpectrumGUI.vcxproj", "{13DBCE5F-343D-40C1-A64A-AA014A346290}"
EndProject
Project("{8BC9CEB8-8B4A-11D0-8D11-00A0C91BC942}") = "GeneralizedSpectrumGUI", "GeneralizedSpectrumGUI\GeneralizedSpectrumGUI.vcxproj", "{6CCE93B5-F02D-4429-B340-5BD42D1FF13B}"
EndProject
Global
	GlobalSection(SolutionConfigurationPlatforms) = preSolution
		Debug|x64 = Debug|x64
		Release|x64 = Release|x64
	EndGlobalSection
	GlobalSection(ProjectConfigurationPlatforms) = postSolution
		{2C906F72-313C-4706-B889-F17CBECCB7DA}.Debug|x64.ActiveCfg = Debug|x64
		{2C906F72-313C-4706-B889-F17CBECCB7DA}.Debug|x64.Build.0 = Debug|x64
		{2C906F72-313C-4706-B889-F17CBECCB7DA}.Release|x64.ActiveCfg = Release|x64
		{2C906F72-313C-4706-B889-F17CBECCB7DA}.Release|x64.Build.0 = Release|x64
		{36E2D928-25B9-452F-BD1C-829D50CEE4CE}.Debug|x64.ActiveCfg = Debug|x64
		{36E2D928-25B9-452F-BD1C-829D50CEE4CE}.Debug|x64.Build.0 = Debug|x64
		{36E2D928-25B9-452F-BD1C-829D50CEE4CE}.Release|x64.ActiveCfg = Release|x64
		{36E2D928-25B9-452F-BD1C-829D50CEE4CE}.Release|x64.Build.0 = Release|x64
		{13DBCE5F-343D-40C1-A64A-AA014A346290}.Debug|x64.ActiveCfg = Debug|x64
		{13DBCE5F-343D-40C1-A64A-AA014A346290}.Debug|x64.Build.0 = Debug|x64
		{13DBCE5F-343D-40C1-A64A-AA014A346290}.Release|x64.ActiveCfg = Release|x64
		{13DBCE5F-343D-40C1-A64A-AA014A346290}.Release|x64.Build.0 = Release|x64
		{6CCE93B5-F02D-4429-B340-5BD42D1FF13B}.Debug|x64.ActiveCfg = Debug|x64
		{6CCE93B5-F02D-4429-B340-5BD42D1FF13B}.Debug|x64.Build.0 = Debug|x64
		{6CCE93B5-F02D-4429-B340-5BD42D1FF13B}.Release|x64.ActiveCfg = Release|x64
		{6CCE93B5-F02D-4429-B340-5BD42D1FF13B}.Release|x64.Build.0 = Release|x64
	EndGlobalSection
	GlobalSection(SolutionProperties) = preSolution
		HideSolutionNode = FALSE
	EndGlobalSection
	GlobalSection(ExtensibilityGlobals) = postSolution
		SolutionGuid = {FC4A80F9-622E-4EB8-A671-FD49ED8F2E30}
	EndGlobalSection
EndGlobal
